<?xml version="1.0" encoding="utf-8"?>
<Project ToolsVersion="4.0" xmlns="http://schemas.microsoft.com/developer/msbuild/2003">
  <ItemGroup>
    <Filter Include="Source Files">
      <UniqueIdentifier>{4FC737F1-C7A5-4376-A066-2A32D752A2FF}</UniqueIdentifier>
      <Extensions>cpp;c;cc;cxx;c++;cppm;ixx;def;odl;idl;hpj;bat;asm;asmx</Extensions>
    </Filter>
    <Filter Include="Header Files">
      <UniqueIdentifier>{93995380-89BD-4b04-88EB-625FBE52EBFB}</UniqueIdentifier>
      <Extensions>h;hh;hpp;hxx;h++;hm;inl;inc;ipp;xsd</Extensions>
    </Filter>
    <Filter Include="Resource Files">
      <UniqueIdentifier>{67DA6AB6-F800-4c08-8B7A-83BB121AAD01}</UniqueIdentifier>
      <Extensions>rc;ico;cur;bmp;dlg;rc2;rct;bin;rgs;gif;jpg;jpeg;jpe;resx;tiff;tif;png;wav;mfcribbon-ms</Extensions>
    </Filter>
    <Filter Include="Source Files\chapter03">
      <UniqueIdentifier>{26635d35-4030-4ccc-a8ed-f6dc74f5386b}</UniqueIdentifier>
    </Filter>
    <Filter Include="Source Files\chapter04">
      <UniqueIdentifier>{f2d00c56-6ed1-4e0a-8e05-7db63867e5a6}</UniqueIdentifier>
    </Filter>
  </ItemGroup>
  <ItemGroup>
    <ClCompile Include="challenge_0300.cpp">
      <Filter>Source Files\chapter03</Filter>
    </ClCompile>
    <ClCompile Include="hello_world.cpp">
      <Filter>Source Files</Filter>
    </ClCompile>
    <ClCompile Include="challenge_0301.cpp">
      <Filter>Source Files\chapter03</Filter>
    </ClCompile>
    <ClCompile Include="challenge_0303.cpp">
      <Filter>Source Files\chapter03</Filter>
    </ClCompile>
    <ClCompile Include="challenge0304.cpp">
      <Filter>Source Files\chapter03</Filter>
    </ClCompile>
    <ClCompile Include="practice_030107.cpp">
      <Filter>Source Files\chapter03</Filter>
    </ClCompile>
    <ClCompile Include="exercise_0302.cpp">
      <Filter>Source Files\chapter03</Filter>
    </ClCompile>
    <ClCompile Include="exercise_0304.cpp">
      <Filter>Source Files\chapter03</Filter>
    </ClCompile>
    <ClCompile Include="exercise_0305.cpp">
      <Filter>Source Files\chapter03</Filter>
    </ClCompile>
    <ClCompile Include="exercise_0306.cpp">
      <Filter>Source Files\chapter03</Filter>
    </ClCompile>
    <ClCompile Include="exercise_0307.cpp">
      <Filter>Source Files\chapter03</Filter>
    </ClCompile>
    <ClCompile Include="exercise_0308.cpp">
      <Filter>Source Files\chapter03</Filter>
    </ClCompile>
    <ClCompile Include="exercise_0309.cpp">
      <Filter>Source Files\chapter03</Filter>
    </ClCompile>
    <ClCompile Include="exercise_0310.cpp">
      <Filter>Source Files\chapter03</Filter>
    </ClCompile>
    <ClCompile Include="exercise_0311.cpp">
      <Filter>Source Files\chapter03</Filter>
    </ClCompile>
    <ClCompile Include="challenge_0400.cpp">
      <Filter>Source Files\chapter04</Filter>
    </ClCompile>
    <ClCompile Include="challenge_0401.cpp">
      <Filter>Source Files\chapter04</Filter>
    </ClCompile>
    <ClCompile Include="challenge_0403.cpp">
      <Filter>Source Files\chapter04</Filter>
    </ClCompile>
    <ClCompile Include="challenge_0402.cpp">
      <Filter>Source Files\chapter04</Filter>
    </ClCompile>
    <ClCompile Include="challenge_0404.cpp">
      <Filter>Source Files\chapter04</Filter>
    </ClCompile>
    <ClCompile Include="challenge_0405.cpp">
      <Filter>Source Files\chapter04</Filter>
    </ClCompile>
    <ClCompile Include="practice_040105.cpp">
      <Filter>Source Files\chapter04</Filter>
    </ClCompile>
    <ClCompile Include="practice_040606.cpp">
      <Filter>Source Files\chapter04</Filter>
    </ClCompile>
    <ClCompile Include="practice_040707.cpp">
      <Filter>Source Files\chapter04</Filter>
    </ClCompile>
    <ClCompile Include="exercise_0402.cpp">
      <Filter>Source Files\chapter04</Filter>
    </ClCompile>
    <ClCompile Include="exercise_0403.cpp">
      <Filter>Source Files\chapter04</Filter>
    </ClCompile>
    <ClCompile Include="exercise_0404.cpp">
      <Filter>Source Files\chapter04</Filter>
    </ClCompile>
    <ClCompile Include="test.cpp">
      <Filter>Source Files\chapter04</Filter>
    </ClCompile>
    <ClCompile Include="exercise_0406.cpp">
      <Filter>Source Files\chapter04</Filter>
    </ClCompile>
    <ClCompile Include="exercise_0407.cpp">
      <Filter>Source Files\chapter04</Filter>
    </ClCompile>
    <ClCompile Include="exercise_0408.cpp">
      <Filter>Source Files\chapter04</Filter>
    </ClCompile>
    <ClCompile Include="exercise_0409.cpp">
      <Filter>Source Files\chapter04</Filter>
    </ClCompile>
    <ClCompile Include="exercise_0410.cpp">
      <Filter>Source Files\chapter04</Filter>
    </ClCompile>
    <ClCompile Include="exercise_0411.cpp">
      <Filter>Source Files\chapter04</Filter>
    </ClCompile>
    <ClCompile Include="exercise_0412.cpp">
      <Filter>Source Files\chapter04</Filter>
    </ClCompile>
  </ItemGroup>
  <ItemGroup>
    <ClInclude Include="std_lib_facilities.h">
      <Filter>Header Files</Filter>
    </ClInclude>
  </ItemGroup>
</Project>